
Microsoft Visual Studio Solution File, Format Version 12.00
# Visual Studio Version 16
VisualStudioVersion = 16.0.30503.244
MinimumVisualStudioVersion = 10.0.40219.1
Project("{FAE04EC0-301F-11D3-BF4B-00C04F79EFBC}") = "Lab3_2", "Lab3_2\Lab3_2.csproj", "{1B8B34F3-2D02-401D-86DE-D527D33EBECC}"
EndProject
Global
	GlobalSection(SolutionConfigurationPlatforms) = preSolution
		Debug|Any CPU = Debug|Any CPU
		Release|Any CPU = Release|Any CPU
	EndGlobalSection
	GlobalSection(ProjectConfigurationPlatforms) = postSolution
		{1B8B34F3-2D02-401D-86DE-D527D33EBECC}.Debug|Any CPU.ActiveCfg = Debug|Any CPU
		{1B8B34F3-2D02-401D-86DE-D527D33EBECC}.Debug|Any CPU.Build.0 = Debug|Any CPU
		{1B8B34F3-2D02-401D-86DE-D527D33EBECC}.Release|Any CPU.ActiveCfg = Release|Any CPU
		{1B8B34F3-2D02-401D-86DE-D527D33EBECC}.Release|Any CPU.Build.0 = Release|Any CPU
	EndGlobalSection
	GlobalSection(SolutionProperties) = preSolution
		HideSolutionNode = FALSE
	EndGlobalSection
	GlobalSection(ExtensibilityGlobals) = postSolution
		SolutionGuid = {5802110E-B8C3-4205-8704-2A5CB839FEC7}
	EndGlobalSection
EndGlobal
